
Microsoft Visual Studio Solution File, Format Version 12.00
# Visual Studio Version 17
VisualStudioVersion = 17.9.34622.214
MinimumVisualStudioVersion = 10.0.40219.1
Project("{FAE04EC0-301F-11D3-BF4B-00C04F79EFBC}") = "task_code", "task_code.csproj", "{C0EDFAD2-79E6-455A-ACD1-2022F453B099}"
EndProject
Global
	GlobalSection(SolutionConfigurationPlatforms) = preSolution
		Debug|Any CPU = Debug|Any CPU
		Release|Any CPU = Release|Any CPU
	EndGlobalSection
	GlobalSection(ProjectConfigurationPlatforms) = postSolution
		{C0EDFAD2-79E6-455A-ACD1-2022F453B099}.Debug|Any CPU.ActiveCfg = Debug|Any CPU
		{C0EDFAD2-79E6-455A-ACD1-2022F453B099}.Debug|Any CPU.Build.0 = Debug|Any CPU
		{C0EDFAD2-79E6-455A-ACD1-2022F453B099}.Release|Any CPU.ActiveCfg = Release|Any CPU
		{C0EDFAD2-79E6-455A-ACD1-2022F453B099}.Release|Any CPU.Build.0 = Release|Any CPU
	EndGlobalSection
	GlobalSection(SolutionProperties) = preSolution
		HideSolutionNode = FALSE
	EndGlobalSection
	GlobalSection(ExtensibilityGlobals) = postSolution
		SolutionGuid = {469742D9-38F3-466F-A95D-D15064481C02}
	EndGlobalSection
EndGlobal
